// !$*UTF8*$!
{
	archiveVersion = 1;
	classes = {
	};
	objectVersion = 56;
	objects = {

/* Begin PBXBuildFile section */
		B43936602C0A125900A59DCC /* OnePieceTCGApp.swift in Sources */ = {isa = PBXBuildFile; fileRef = B439365F2C0A125900A59DCC /* OnePieceTCGApp.swift */; };
		B43936642C0A125B00A59DCC /* Assets.xcassets in Resources */ = {isa = PBXBuildFile; fileRef = B43936632C0A125B00A59DCC /* Assets.xcassets */; };
		B43936672C0A125B00A59DCC /* Preview Assets.xcassets in Resources */ = {isa = PBXBuildFile; fileRef = B43936662C0A125B00A59DCC /* Preview Assets.xcassets */; };
		B4E0BE992C3D675800E7CFD3 /* Router.swift in Sources */ = {isa = PBXBuildFile; fileRef = B4E0BE982C3D675800E7CFD3 /* Router.swift */; };
		B4E0BE9B2C3D678800E7CFD3 /* Route.swift in Sources */ = {isa = PBXBuildFile; fileRef = B4E0BE9A2C3D678800E7CFD3 /* Route.swift */; };
		B4E0BEA42C3D6AD700E7CFD3 /* CollectionDetailsView.swift in Sources */ = {isa = PBXBuildFile; fileRef = B4E0BEA32C3D6AD700E7CFD3 /* CollectionDetailsView.swift */; };
		B4E0BEA82C3D6F1300E7CFD3 /* MetricView.swift in Sources */ = {isa = PBXBuildFile; fileRef = B4E0BEA72C3D6F1300E7CFD3 /* MetricView.swift */; };
		B4E0BEAB2C3D6F2800E7CFD3 /* Metric.swift in Sources */ = {isa = PBXBuildFile; fileRef = B4E0BEAA2C3D6F2800E7CFD3 /* Metric.swift */; };
		B4E0BEAD2C3D718D00E7CFD3 /* MetricType.swift in Sources */ = {isa = PBXBuildFile; fileRef = B4E0BEAC2C3D718D00E7CFD3 /* MetricType.swift */; };
		B4E0BEAF2C3D77E200E7CFD3 /* MetricsHeaderView.swift in Sources */ = {isa = PBXBuildFile; fileRef = B4E0BEAE2C3D77E200E7CFD3 /* MetricsHeaderView.swift */; };
		B4E0BEB12C3D7D0000E7CFD3 /* CardView.swift in Sources */ = {isa = PBXBuildFile; fileRef = B4E0BEB02C3D7D0000E7CFD3 /* CardView.swift */; };
		B4EE873E2C67B1F200201C7A /* GoogleService-Info.plist in Resources */ = {isa = PBXBuildFile; fileRef = B4EE873D2C67B1F100201C7A /* GoogleService-Info.plist */; };
		B4EE87412C67B28E00201C7A /* FirebaseAnalyticsWithoutAdIdSupport in Frameworks */ = {isa = PBXBuildFile; productRef = B4EE87402C67B28E00201C7A /* FirebaseAnalyticsWithoutAdIdSupport */; };
		B4EE87432C67B28E00201C7A /* FirebaseAppCheck in Frameworks */ = {isa = PBXBuildFile; productRef = B4EE87422C67B28E00201C7A /* FirebaseAppCheck */; };
		B4EE87452C67B28E00201C7A /* FirebaseAppDistribution-Beta in Frameworks */ = {isa = PBXBuildFile; productRef = B4EE87442C67B28E00201C7A /* FirebaseAppDistribution-Beta */; };
		B4EE87472C67B28E00201C7A /* FirebaseAuth in Frameworks */ = {isa = PBXBuildFile; productRef = B4EE87462C67B28E00201C7A /* FirebaseAuth */; };
		B4EE87492C67B28E00201C7A /* FirebaseAuthCombine-Community in Frameworks */ = {isa = PBXBuildFile; productRef = B4EE87482C67B28E00201C7A /* FirebaseAuthCombine-Community */; };
		B4EE874B2C67B28E00201C7A /* FirebaseCrashlytics in Frameworks */ = {isa = PBXBuildFile; productRef = B4EE874A2C67B28E00201C7A /* FirebaseCrashlytics */; };
		B4EE874D2C67B28E00201C7A /* FirebaseDatabase in Frameworks */ = {isa = PBXBuildFile; productRef = B4EE874C2C67B28E00201C7A /* FirebaseDatabase */; };
		B4EE874F2C67B28E00201C7A /* FirebaseDynamicLinks in Frameworks */ = {isa = PBXBuildFile; productRef = B4EE874E2C67B28E00201C7A /* FirebaseDynamicLinks */; };
		B4EE87512C67B28E00201C7A /* FirebaseFirestore in Frameworks */ = {isa = PBXBuildFile; productRef = B4EE87502C67B28E00201C7A /* FirebaseFirestore */; };
		B4EE87532C67B28E00201C7A /* FirebaseFirestoreCombine-Community in Frameworks */ = {isa = PBXBuildFile; productRef = B4EE87522C67B28E00201C7A /* FirebaseFirestoreCombine-Community */; };
		B4EE87552C67B28E00201C7A /* FirebaseFunctions in Frameworks */ = {isa = PBXBuildFile; productRef = B4EE87542C67B28E00201C7A /* FirebaseFunctions */; };
		B4EE87572C67B28E00201C7A /* FirebaseFunctionsCombine-Community in Frameworks */ = {isa = PBXBuildFile; productRef = B4EE87562C67B28E00201C7A /* FirebaseFunctionsCombine-Community */; };
		B4EE87592C67B28E00201C7A /* FirebaseInAppMessaging-Beta in Frameworks */ = {isa = PBXBuildFile; productRef = B4EE87582C67B28E00201C7A /* FirebaseInAppMessaging-Beta */; };
		B4EE875B2C67B28E00201C7A /* FirebaseInstallations in Frameworks */ = {isa = PBXBuildFile; productRef = B4EE875A2C67B28E00201C7A /* FirebaseInstallations */; };
		B4EE875D2C67B28E00201C7A /* FirebaseMLModelDownloader in Frameworks */ = {isa = PBXBuildFile; productRef = B4EE875C2C67B28E00201C7A /* FirebaseMLModelDownloader */; };
		B4EE875F2C67B28E00201C7A /* FirebaseMessaging in Frameworks */ = {isa = PBXBuildFile; productRef = B4EE875E2C67B28E00201C7A /* FirebaseMessaging */; };
		B4EE87612C67B28E00201C7A /* FirebasePerformance in Frameworks */ = {isa = PBXBuildFile; productRef = B4EE87602C67B28E00201C7A /* FirebasePerformance */; };
		B4EE87632C67B28E00201C7A /* FirebaseRemoteConfig in Frameworks */ = {isa = PBXBuildFile; productRef = B4EE87622C67B28E00201C7A /* FirebaseRemoteConfig */; };
		B4EE87652C67B28E00201C7A /* FirebaseStorage in Frameworks */ = {isa = PBXBuildFile; productRef = B4EE87642C67B28E00201C7A /* FirebaseStorage */; };
		B4EE87672C67B28E00201C7A /* FirebaseStorageCombine-Community in Frameworks */ = {isa = PBXBuildFile; productRef = B4EE87662C67B28E00201C7A /* FirebaseStorageCombine-Community */; };
		B4EE87692C67B28E00201C7A /* FirebaseVertexAI-Preview in Frameworks */ = {isa = PBXBuildFile; productRef = B4EE87682C67B28E00201C7A /* FirebaseVertexAI-Preview */; };
		B4F680B42C3C421900BB425A /* CollectionCardView.swift in Sources */ = {isa = PBXBuildFile; fileRef = B4F680B32C3C421900BB425A /* CollectionCardView.swift */; };
		B4F680B62C3C4BC600BB425A /* ListCollectionCardView.swift in Sources */ = {isa = PBXBuildFile; fileRef = B4F680B52C3C4BC600BB425A /* ListCollectionCardView.swift */; };
		B4F680B92C3C4BF500BB425A /* Collection.swift in Sources */ = {isa = PBXBuildFile; fileRef = B4F680B82C3C4BF500BB425A /* Collection.swift */; };
		B4F680BC2C3C4C2800BB425A /* CGFloat+EXT.swift in Sources */ = {isa = PBXBuildFile; fileRef = B4F680BB2C3C4C2800BB425A /* CGFloat+EXT.swift */; };
/* End PBXBuildFile section */

/* Begin PBXFileReference section */
		B439365C2C0A125900A59DCC /* OnePieceTCG.app */ = {isa = PBXFileReference; explicitFileType = wrapper.application; includeInIndex = 0; path = OnePieceTCG.app; sourceTree = BUILT_PRODUCTS_DIR; };
		B439365F2C0A125900A59DCC /* OnePieceTCGApp.swift */ = {isa = PBXFileReference; lastKnownFileType = sourcecode.swift; path = OnePieceTCGApp.swift; sourceTree = "<group>"; };
		B43936632C0A125B00A59DCC /* Assets.xcassets */ = {isa = PBXFileReference; lastKnownFileType = folder.assetcatalog; path = Assets.xcassets; sourceTree = "<group>"; };
		B43936662C0A125B00A59DCC /* Preview Assets.xcassets */ = {isa = PBXFileReference; lastKnownFileType = folder.assetcatalog; path = "Preview Assets.xcassets"; sourceTree = "<group>"; };
		B4E0BE982C3D675800E7CFD3 /* Router.swift */ = {isa = PBXFileReference; lastKnownFileType = sourcecode.swift; path = Router.swift; sourceTree = "<group>"; };
		B4E0BE9A2C3D678800E7CFD3 /* Route.swift */ = {isa = PBXFileReference; lastKnownFileType = sourcecode.swift; path = Route.swift; sourceTree = "<group>"; };
		B4E0BEA32C3D6AD700E7CFD3 /* CollectionDetailsView.swift */ = {isa = PBXFileReference; lastKnownFileType = sourcecode.swift; path = CollectionDetailsView.swift; sourceTree = "<group>"; };
		B4E0BEA72C3D6F1300E7CFD3 /* MetricView.swift */ = {isa = PBXFileReference; lastKnownFileType = sourcecode.swift; path = MetricView.swift; sourceTree = "<group>"; };
		B4E0BEAA2C3D6F2800E7CFD3 /* Metric.swift */ = {isa = PBXFileReference; lastKnownFileType = sourcecode.swift; path = Metric.swift; sourceTree = "<group>"; };
		B4E0BEAC2C3D718D00E7CFD3 /* MetricType.swift */ = {isa = PBXFileReference; lastKnownFileType = sourcecode.swift; path = MetricType.swift; sourceTree = "<group>"; };
		B4E0BEAE2C3D77E200E7CFD3 /* MetricsHeaderView.swift */ = {isa = PBXFileReference; lastKnownFileType = sourcecode.swift; path = MetricsHeaderView.swift; sourceTree = "<group>"; };
		B4E0BEB02C3D7D0000E7CFD3 /* CardView.swift */ = {isa = PBXFileReference; lastKnownFileType = sourcecode.swift; path = CardView.swift; sourceTree = "<group>"; };
		B4EE873D2C67B1F100201C7A /* GoogleService-Info.plist */ = {isa = PBXFileReference; fileEncoding = 4; lastKnownFileType = text.plist.xml; path = "GoogleService-Info.plist"; sourceTree = "<group>"; };
		B4F680B32C3C421900BB425A /* CollectionCardView.swift */ = {isa = PBXFileReference; lastKnownFileType = sourcecode.swift; path = CollectionCardView.swift; sourceTree = "<group>"; };
		B4F680B52C3C4BC600BB425A /* ListCollectionCardView.swift */ = {isa = PBXFileReference; lastKnownFileType = sourcecode.swift; path = ListCollectionCardView.swift; sourceTree = "<group>"; };
		B4F680B82C3C4BF500BB425A /* Collection.swift */ = {isa = PBXFileReference; lastKnownFileType = sourcecode.swift; path = Collection.swift; sourceTree = "<group>"; };
		B4F680BB2C3C4C2800BB425A /* CGFloat+EXT.swift */ = {isa = PBXFileReference; lastKnownFileType = sourcecode.swift; path = "CGFloat+EXT.swift"; sourceTree = "<group>"; };
/* End PBXFileReference section */

/* Begin PBXFrameworksBuildPhase section */
		B43936592C0A125900A59DCC /* Frameworks */ = {
			isa = PBXFrameworksBuildPhase;
			buildActionMask = 2147483647;
			files = (
				B4EE875F2C67B28E00201C7A /* FirebaseMessaging in Frameworks */,
				B4EE87592C67B28E00201C7A /* FirebaseInAppMessaging-Beta in Frameworks */,
				B4EE87672C67B28E00201C7A /* FirebaseStorageCombine-Community in Frameworks */,
				B4EE87692C67B28E00201C7A /* FirebaseVertexAI-Preview in Frameworks */,
				B4EE875B2C67B28E00201C7A /* FirebaseInstallations in Frameworks */,
				B4EE87432C67B28E00201C7A /* FirebaseAppCheck in Frameworks */,
				B4EE87412C67B28E00201C7A /* FirebaseAnalyticsWithoutAdIdSupport in Frameworks */,
				B4EE87452C67B28E00201C7A /* FirebaseAppDistribution-Beta in Frameworks */,
				B4EE87532C67B28E00201C7A /* FirebaseFirestoreCombine-Community in Frameworks */,
				B4EE874F2C67B28E00201C7A /* FirebaseDynamicLinks in Frameworks */,
				B4EE874B2C67B28E00201C7A /* FirebaseCrashlytics in Frameworks */,
				B4EE87652C67B28E00201C7A /* FirebaseStorage in Frameworks */,
				B4EE87632C67B28E00201C7A /* FirebaseRemoteConfig in Frameworks */,
				B4EE87612C67B28E00201C7A /* FirebasePerformance in Frameworks */,
				B4EE87512C67B28E00201C7A /* FirebaseFirestore in Frameworks */,
				B4EE87472C67B28E00201C7A /* FirebaseAuth in Frameworks */,
				B4EE874D2C67B28E00201C7A /* FirebaseDatabase in Frameworks */,
				B4EE87552C67B28E00201C7A /* FirebaseFunctions in Frameworks */,
				B4EE875D2C67B28E00201C7A /* FirebaseMLModelDownloader in Frameworks */,
				B4EE87492C67B28E00201C7A /* FirebaseAuthCombine-Community in Frameworks */,
				B4EE87572C67B28E00201C7A /* FirebaseFunctionsCombine-Community in Frameworks */,
			);
			runOnlyForDeploymentPostprocessing = 0;
		};
/* End PBXFrameworksBuildPhase section */

/* Begin PBXGroup section */
		B43936532C0A125900A59DCC = {
			isa = PBXGroup;
			children = (
				B439365E2C0A125900A59DCC /* OnePieceTCG */,
				B439365D2C0A125900A59DCC /* Products */,
			);
			sourceTree = "<group>";
		};
		B439365D2C0A125900A59DCC /* Products */ = {
			isa = PBXGroup;
			children = (
				B439365C2C0A125900A59DCC /* OnePieceTCG.app */,
			);
			name = Products;
			sourceTree = "<group>";
		};
		B439365E2C0A125900A59DCC /* OnePieceTCG */ = {
			isa = PBXGroup;
			children = (
				B439366D2C0A12B900A59DCC /* Application */,
				B43936652C0A125B00A59DCC /* Preview Content */,
			);
			path = OnePieceTCG;
			sourceTree = "<group>";
		};
		B43936652C0A125B00A59DCC /* Preview Content */ = {
			isa = PBXGroup;
			children = (
				B43936662C0A125B00A59DCC /* Preview Assets.xcassets */,
			);
			path = "Preview Content";
			sourceTree = "<group>";
		};
		B439366D2C0A12B900A59DCC /* Application */ = {
			isa = PBXGroup;
			children = (
				B439365F2C0A125900A59DCC /* OnePieceTCGApp.swift */,
				B4F680B22C3C41CC00BB425A /* Collections */,
				B4E0BEA12C3D6AB000E7CFD3 /* CollectionDetails */,
				B4E0BE972C3D674400E7CFD3 /* Navigation */,
				B4F680BA2C3C4C1800BB425A /* DesignSystem */,
				B43936632C0A125B00A59DCC /* Assets.xcassets */,
				B4EE873D2C67B1F100201C7A /* GoogleService-Info.plist */,
			);
			path = Application;
			sourceTree = "<group>";
		};
		B4E0BE972C3D674400E7CFD3 /* Navigation */ = {
			isa = PBXGroup;
			children = (
				B4E0BE9F2C3D69B200E7CFD3 /* Protocol */,
				B4E0BEA02C3D69BB00E7CFD3 /* Model */,
			);
			path = Navigation;
			sourceTree = "<group>";
		};
		B4E0BE9D2C3D699400E7CFD3 /* Views */ = {
			isa = PBXGroup;
			children = (
				B4F680B52C3C4BC600BB425A /* ListCollectionCardView.swift */,
				B4F680B32C3C421900BB425A /* CollectionCardView.swift */,
				B4E0BE9E2C3D699E00E7CFD3 /* Model */,
			);
			path = Views;
			sourceTree = "<group>";
		};
		B4E0BE9E2C3D699E00E7CFD3 /* Model */ = {
			isa = PBXGroup;
			children = (
				B4F680B82C3C4BF500BB425A /* Collection.swift */,
			);
			path = Model;
			sourceTree = "<group>";
		};
		B4E0BE9F2C3D69B200E7CFD3 /* Protocol */ = {
			isa = PBXGroup;
			children = (
				B4E0BE982C3D675800E7CFD3 /* Router.swift */,
			);
			path = Protocol;
			sourceTree = "<group>";
		};
		B4E0BEA02C3D69BB00E7CFD3 /* Model */ = {
			isa = PBXGroup;
			children = (
				B4E0BE9A2C3D678800E7CFD3 /* Route.swift */,
			);
			path = Model;
			sourceTree = "<group>";
		};
		B4E0BEA12C3D6AB000E7CFD3 /* CollectionDetails */ = {
			isa = PBXGroup;
			children = (
				B4E0BEA22C3D6ABD00E7CFD3 /* Views */,
			);
			path = CollectionDetails;
			sourceTree = "<group>";
		};
		B4E0BEA22C3D6ABD00E7CFD3 /* Views */ = {
			isa = PBXGroup;
			children = (
				B4E0BEA32C3D6AD700E7CFD3 /* CollectionDetailsView.swift */,
				B4E0BEAE2C3D77E200E7CFD3 /* MetricsHeaderView.swift */,
				B4E0BEA72C3D6F1300E7CFD3 /* MetricView.swift */,
				B4E0BEB02C3D7D0000E7CFD3 /* CardView.swift */,
				B4E0BEA92C3D6F1B00E7CFD3 /* Model */,
			);
			path = Views;
			sourceTree = "<group>";
		};
		B4E0BEA92C3D6F1B00E7CFD3 /* Model */ = {
			isa = PBXGroup;
			children = (
				B4E0BEAA2C3D6F2800E7CFD3 /* Metric.swift */,
				B4E0BEAC2C3D718D00E7CFD3 /* MetricType.swift */,
			);
			path = Model;
			sourceTree = "<group>";
		};
		B4F680B22C3C41CC00BB425A /* Collections */ = {
			isa = PBXGroup;
			children = (
				B4E0BE9D2C3D699400E7CFD3 /* Views */,
			);
			path = Collections;
			sourceTree = "<group>";
		};
		B4F680BA2C3C4C1800BB425A /* DesignSystem */ = {
			isa = PBXGroup;
			children = (
				B4F680BB2C3C4C2800BB425A /* CGFloat+EXT.swift */,
			);
			path = DesignSystem;
			sourceTree = "<group>";
		};
/* End PBXGroup section */

/* Begin PBXNativeTarget section */
		B439365B2C0A125900A59DCC /* OnePieceTCG */ = {
			isa = PBXNativeTarget;
			buildConfigurationList = B439366A2C0A125B00A59DCC /* Build configuration list for PBXNativeTarget "OnePieceTCG" */;
			buildPhases = (
				B43936582C0A125900A59DCC /* Sources */,
				B43936592C0A125900A59DCC /* Frameworks */,
				B439365A2C0A125900A59DCC /* Resources */,
			);
			buildRules = (
			);
			dependencies = (
			);
			name = OnePieceTCG;
			packageProductDependencies = (
				B4EE87402C67B28E00201C7A /* FirebaseAnalyticsWithoutAdIdSupport */,
				B4EE87422C67B28E00201C7A /* FirebaseAppCheck */,
				B4EE87442C67B28E00201C7A /* FirebaseAppDistribution-Beta */,
				B4EE87462C67B28E00201C7A /* FirebaseAuth */,
				B4EE87482C67B28E00201C7A /* FirebaseAuthCombine-Community */,
				B4EE874A2C67B28E00201C7A /* FirebaseCrashlytics */,
				B4EE874C2C67B28E00201C7A /* FirebaseDatabase */,
				B4EE874E2C67B28E00201C7A /* FirebaseDynamicLinks */,
				B4EE87502C67B28E00201C7A /* FirebaseFirestore */,
				B4EE87522C67B28E00201C7A /* FirebaseFirestoreCombine-Community */,
				B4EE87542C67B28E00201C7A /* FirebaseFunctions */,
				B4EE87562C67B28E00201C7A /* FirebaseFunctionsCombine-Community */,
				B4EE87582C67B28E00201C7A /* FirebaseInAppMessaging-Beta */,
				B4EE875A2C67B28E00201C7A /* FirebaseInstallations */,
				B4EE875C2C67B28E00201C7A /* FirebaseMLModelDownloader */,
				B4EE875E2C67B28E00201C7A /* FirebaseMessaging */,
				B4EE87602C67B28E00201C7A /* FirebasePerformance */,
				B4EE87622C67B28E00201C7A /* FirebaseRemoteConfig */,
				B4EE87642C67B28E00201C7A /* FirebaseStorage */,
				B4EE87662C67B28E00201C7A /* FirebaseStorageCombine-Community */,
				B4EE87682C67B28E00201C7A /* FirebaseVertexAI-Preview */,
			);
			productName = OnePieceTCG;
			productReference = B439365C2C0A125900A59DCC /* OnePieceTCG.app */;
			productType = "com.apple.product-type.application";
		};
/* End PBXNativeTarget section */

/* Begin PBXProject section */
		B43936542C0A125900A59DCC /* Project object */ = {
			isa = PBXProject;
			attributes = {
				BuildIndependentTargetsInParallel = 1;
				LastSwiftUpdateCheck = 1530;
				LastUpgradeCheck = 1530;
				TargetAttributes = {
					B439365B2C0A125900A59DCC = {
						CreatedOnToolsVersion = 15.3;
					};
				};
			};
			buildConfigurationList = B43936572C0A125900A59DCC /* Build configuration list for PBXProject "OnePieceTCG" */;
			compatibilityVersion = "Xcode 14.0";
			developmentRegion = en;
			hasScannedForEncodings = 0;
			knownRegions = (
				en,
				Base,
			);
			mainGroup = B43936532C0A125900A59DCC;
			packageReferences = (
				B4EE873F2C67B28E00201C7A /* XCRemoteSwiftPackageReference "firebase-ios-sdk" */,
			);
			productRefGroup = B439365D2C0A125900A59DCC /* Products */;
			projectDirPath = "";
			projectRoot = "";
			targets = (
				B439365B2C0A125900A59DCC /* OnePieceTCG */,
			);
		};
/* End PBXProject section */

/* Begin PBXResourcesBuildPhase section */
		B439365A2C0A125900A59DCC /* Resources */ = {
			isa = PBXResourcesBuildPhase;
			buildActionMask = 2147483647;
			files = (
				B43936672C0A125B00A59DCC /* Preview Assets.xcassets in Resources */,
				B43936642C0A125B00A59DCC /* Assets.xcassets in Resources */,
				B4EE873E2C67B1F200201C7A /* GoogleService-Info.plist in Resources */,
			);
			runOnlyForDeploymentPostprocessing = 0;
		};
/* End PBXResourcesBuildPhase section */

/* Begin PBXSourcesBuildPhase section */
		B43936582C0A125900A59DCC /* Sources */ = {
			isa = PBXSourcesBuildPhase;
			buildActionMask = 2147483647;
			files = (
				B4F680BC2C3C4C2800BB425A /* CGFloat+EXT.swift in Sources */,
				B4F680B42C3C421900BB425A /* CollectionCardView.swift in Sources */,
				B43936602C0A125900A59DCC /* OnePieceTCGApp.swift in Sources */,
				B4E0BEA42C3D6AD700E7CFD3 /* CollectionDetailsView.swift in Sources */,
				B4E0BEA82C3D6F1300E7CFD3 /* MetricView.swift in Sources */,
				B4E0BEAF2C3D77E200E7CFD3 /* MetricsHeaderView.swift in Sources */,
				B4F680B62C3C4BC600BB425A /* ListCollectionCardView.swift in Sources */,
				B4E0BEB12C3D7D0000E7CFD3 /* CardView.swift in Sources */,
				B4E0BEAD2C3D718D00E7CFD3 /* MetricType.swift in Sources */,
				B4E0BE992C3D675800E7CFD3 /* Router.swift in Sources */,
				B4E0BEAB2C3D6F2800E7CFD3 /* Metric.swift in Sources */,
				B4E0BE9B2C3D678800E7CFD3 /* Route.swift in Sources */,
				B4F680B92C3C4BF500BB425A /* Collection.swift in Sources */,
			);
			runOnlyForDeploymentPostprocessing = 0;
		};
/* End PBXSourcesBuildPhase section */

/* Begin XCBuildConfiguration section */
		B43936682C0A125B00A59DCC /* Debug */ = {
			isa = XCBuildConfiguration;
			buildSettings = {
				ALWAYS_SEARCH_USER_PATHS = NO;
				ASSETCATALOG_COMPILER_GENERATE_SWIFT_ASSET_SYMBOL_EXTENSIONS = YES;
				CLANG_ANALYZER_NONNULL = YES;
				CLANG_ANALYZER_NUMBER_OBJECT_CONVERSION = YES_AGGRESSIVE;
				CLANG_CXX_LANGUAGE_STANDARD = "gnu++20";
				CLANG_ENABLE_MODULES = YES;
				CLANG_ENABLE_OBJC_ARC = YES;
				CLANG_ENABLE_OBJC_WEAK = YES;
				CLANG_WARN_BLOCK_CAPTURE_AUTORELEASING = YES;
				CLANG_WARN_BOOL_CONVERSION = YES;
				CLANG_WARN_COMMA = YES;
				CLANG_WARN_CONSTANT_CONVERSION = YES;
				CLANG_WARN_DEPRECATED_OBJC_IMPLEMENTATIONS = YES;
				CLANG_WARN_DIRECT_OBJC_ISA_USAGE = YES_ERROR;
				CLANG_WARN_DOCUMENTATION_COMMENTS = YES;
				CLANG_WARN_EMPTY_BODY = YES;
				CLANG_WARN_ENUM_CONVERSION = YES;
				CLANG_WARN_INFINITE_RECURSION = YES;
				CLANG_WARN_INT_CONVERSION = YES;
				CLANG_WARN_NON_LITERAL_NULL_CONVERSION = YES;
				CLANG_WARN_OBJC_IMPLICIT_RETAIN_SELF = YES;
				CLANG_WARN_OBJC_LITERAL_CONVERSION = YES;
				CLANG_WARN_OBJC_ROOT_CLASS = YES_ERROR;
				CLANG_WARN_QUOTED_INCLUDE_IN_FRAMEWORK_HEADER = YES;
				CLANG_WARN_RANGE_LOOP_ANALYSIS = YES;
				CLANG_WARN_STRICT_PROTOTYPES = YES;
				CLANG_WARN_SUSPICIOUS_MOVE = YES;
				CLANG_WARN_UNGUARDED_AVAILABILITY = YES_AGGRESSIVE;
				CLANG_WARN_UNREACHABLE_CODE = YES;
				CLANG_WARN__DUPLICATE_METHOD_MATCH = YES;
				COPY_PHASE_STRIP = NO;
				DEBUG_INFORMATION_FORMAT = dwarf;
				ENABLE_STRICT_OBJC_MSGSEND = YES;
				ENABLE_TESTABILITY = YES;
				ENABLE_USER_SCRIPT_SANDBOXING = YES;
				GCC_C_LANGUAGE_STANDARD = gnu17;
				GCC_DYNAMIC_NO_PIC = NO;
				GCC_NO_COMMON_BLOCKS = YES;
				GCC_OPTIMIZATION_LEVEL = 0;
				GCC_PREPROCESSOR_DEFINITIONS = (
					"DEBUG=1",
					"$(inherited)",
				);
				GCC_WARN_64_TO_32_BIT_CONVERSION = YES;
				GCC_WARN_ABOUT_RETURN_TYPE = YES_ERROR;
				GCC_WARN_UNDECLARED_SELECTOR = YES;
				GCC_WARN_UNINITIALIZED_AUTOS = YES_AGGRESSIVE;
				GCC_WARN_UNUSED_FUNCTION = YES;
				GCC_WARN_UNUSED_VARIABLE = YES;
				IPHONEOS_DEPLOYMENT_TARGET = 17.4;
				LOCALIZATION_PREFERS_STRING_CATALOGS = YES;
				MTL_ENABLE_DEBUG_INFO = INCLUDE_SOURCE;
				MTL_FAST_MATH = YES;
				ONLY_ACTIVE_ARCH = YES;
				SDKROOT = iphoneos;
				SWIFT_ACTIVE_COMPILATION_CONDITIONS = "DEBUG $(inherited)";
				SWIFT_OPTIMIZATION_LEVEL = "-Onone";
			};
			name = Debug;
		};
		B43936692C0A125B00A59DCC /* Release */ = {
			isa = XCBuildConfiguration;
			buildSettings = {
				ALWAYS_SEARCH_USER_PATHS = NO;
				ASSETCATALOG_COMPILER_GENERATE_SWIFT_ASSET_SYMBOL_EXTENSIONS = YES;
				CLANG_ANALYZER_NONNULL = YES;
				CLANG_ANALYZER_NUMBER_OBJECT_CONVERSION = YES_AGGRESSIVE;
				CLANG_CXX_LANGUAGE_STANDARD = "gnu++20";
				CLANG_ENABLE_MODULES = YES;
				CLANG_ENABLE_OBJC_ARC = YES;
				CLANG_ENABLE_OBJC_WEAK = YES;
				CLANG_WARN_BLOCK_CAPTURE_AUTORELEASING = YES;
				CLANG_WARN_BOOL_CONVERSION = YES;
				CLANG_WARN_COMMA = YES;
				CLANG_WARN_CONSTANT_CONVERSION = YES;
				CLANG_WARN_DEPRECATED_OBJC_IMPLEMENTATIONS = YES;
				CLANG_WARN_DIRECT_OBJC_ISA_USAGE = YES_ERROR;
				CLANG_WARN_DOCUMENTATION_COMMENTS = YES;
				CLANG_WARN_EMPTY_BODY = YES;
				CLANG_WARN_ENUM_CONVERSION = YES;
				CLANG_WARN_INFINITE_RECURSION = YES;
				CLANG_WARN_INT_CONVERSION = YES;
				CLANG_WARN_NON_LITERAL_NULL_CONVERSION = YES;
				CLANG_WARN_OBJC_IMPLICIT_RETAIN_SELF = YES;
				CLANG_WARN_OBJC_LITERAL_CONVERSION = YES;
				CLANG_WARN_OBJC_ROOT_CLASS = YES_ERROR;
				CLANG_WARN_QUOTED_INCLUDE_IN_FRAMEWORK_HEADER = YES;
				CLANG_WARN_RANGE_LOOP_ANALYSIS = YES;
				CLANG_WARN_STRICT_PROTOTYPES = YES;
				CLANG_WARN_SUSPICIOUS_MOVE = YES;
				CLANG_WARN_UNGUARDED_AVAILABILITY = YES_AGGRESSIVE;
				CLANG_WARN_UNREACHABLE_CODE = YES;
				CLANG_WARN__DUPLICATE_METHOD_MATCH = YES;
				COPY_PHASE_STRIP = NO;
				DEBUG_INFORMATION_FORMAT = "dwarf-with-dsym";
				ENABLE_NS_ASSERTIONS = NO;
				ENABLE_STRICT_OBJC_MSGSEND = YES;
				ENABLE_USER_SCRIPT_SANDBOXING = YES;
				GCC_C_LANGUAGE_STANDARD = gnu17;
				GCC_NO_COMMON_BLOCKS = YES;
				GCC_WARN_64_TO_32_BIT_CONVERSION = YES;
				GCC_WARN_ABOUT_RETURN_TYPE = YES_ERROR;
				GCC_WARN_UNDECLARED_SELECTOR = YES;
				GCC_WARN_UNINITIALIZED_AUTOS = YES_AGGRESSIVE;
				GCC_WARN_UNUSED_FUNCTION = YES;
				GCC_WARN_UNUSED_VARIABLE = YES;
				IPHONEOS_DEPLOYMENT_TARGET = 17.4;
				LOCALIZATION_PREFERS_STRING_CATALOGS = YES;
				MTL_ENABLE_DEBUG_INFO = NO;
				MTL_FAST_MATH = YES;
				SDKROOT = iphoneos;
				SWIFT_COMPILATION_MODE = wholemodule;
				VALIDATE_PRODUCT = YES;
			};
			name = Release;
		};
		B439366B2C0A125B00A59DCC /* Debug */ = {
			isa = XCBuildConfiguration;
			buildSettings = {
				ASSETCATALOG_COMPILER_APPICON_NAME = AppIcon;
				ASSETCATALOG_COMPILER_GLOBAL_ACCENT_COLOR_NAME = AccentColor;
				CODE_SIGN_STYLE = Automatic;
				CURRENT_PROJECT_VERSION = 1;
				DEVELOPMENT_ASSET_PATHS = "\"OnePieceTCG/Preview Content\"";
				DEVELOPMENT_TEAM = 43955M7DU9;
				ENABLE_PREVIEWS = YES;
				GENERATE_INFOPLIST_FILE = YES;
				INFOPLIST_KEY_UIApplicationSceneManifest_Generation = YES;
				INFOPLIST_KEY_UIApplicationSupportsIndirectInputEvents = YES;
				INFOPLIST_KEY_UILaunchScreen_Generation = YES;
				INFOPLIST_KEY_UISupportedInterfaceOrientations_iPad = "UIInterfaceOrientationPortrait UIInterfaceOrientationPortraitUpsideDown UIInterfaceOrientationLandscapeLeft UIInterfaceOrientationLandscapeRight";
				INFOPLIST_KEY_UISupportedInterfaceOrientations_iPhone = "UIInterfaceOrientationPortrait UIInterfaceOrientationLandscapeLeft UIInterfaceOrientationLandscapeRight";
				IPHONEOS_DEPLOYMENT_TARGET = 17.0;
				LD_RUNPATH_SEARCH_PATHS = (
					"$(inherited)",
					"@executable_path/Frameworks",
				);
				MARKETING_VERSION = 1.0;
				PRODUCT_BUNDLE_IDENTIFIER = com.oway.app.OnePieceTCG;
				PRODUCT_NAME = "$(TARGET_NAME)";
				SWIFT_EMIT_LOC_STRINGS = YES;
				SWIFT_VERSION = 5.0;
				TARGETED_DEVICE_FAMILY = "1,2";
			};
			name = Debug;
		};
		B439366C2C0A125B00A59DCC /* Release */ = {
			isa = XCBuildConfiguration;
			buildSettings = {
				ASSETCATALOG_COMPILER_APPICON_NAME = AppIcon;
				ASSETCATALOG_COMPILER_GLOBAL_ACCENT_COLOR_NAME = AccentColor;
				CODE_SIGN_STYLE = Automatic;
				CURRENT_PROJECT_VERSION = 1;
				DEVELOPMENT_ASSET_PATHS = "\"OnePieceTCG/Preview Content\"";
				DEVELOPMENT_TEAM = 43955M7DU9;
				ENABLE_PREVIEWS = YES;
				GENERATE_INFOPLIST_FILE = YES;
				INFOPLIST_KEY_UIApplicationSceneManifest_Generation = YES;
				INFOPLIST_KEY_UIApplicationSupportsIndirectInputEvents = YES;
				INFOPLIST_KEY_UILaunchScreen_Generation = YES;
				INFOPLIST_KEY_UISupportedInterfaceOrientations_iPad = "UIInterfaceOrientationPortrait UIInterfaceOrientationPortraitUpsideDown UIInterfaceOrientationLandscapeLeft UIInterfaceOrientationLandscapeRight";
				INFOPLIST_KEY_UISupportedInterfaceOrientations_iPhone = "UIInterfaceOrientationPortrait UIInterfaceOrientationLandscapeLeft UIInterfaceOrientationLandscapeRight";
				IPHONEOS_DEPLOYMENT_TARGET = 17.0;
				LD_RUNPATH_SEARCH_PATHS = (
					"$(inherited)",
					"@executable_path/Frameworks",
				);
				MARKETING_VERSION = 1.0;
				PRODUCT_BUNDLE_IDENTIFIER = com.personal.app.OnePieceTCG;
				PRODUCT_NAME = "$(TARGET_NAME)";
				SWIFT_EMIT_LOC_STRINGS = YES;
				SWIFT_VERSION = 5.0;
				TARGETED_DEVICE_FAMILY = "1,2";
			};
			name = Release;
		};
/* End XCBuildConfiguration section */

/* Begin XCConfigurationList section */
		B43936572C0A125900A59DCC /* Build configuration list for PBXProject "OnePieceTCG" */ = {
			isa = XCConfigurationList;
			buildConfigurations = (
				B43936682C0A125B00A59DCC /* Debug */,
				B43936692C0A125B00A59DCC /* Release */,
			);
			defaultConfigurationIsVisible = 0;
			defaultConfigurationName = Release;
		};
		B439366A2C0A125B00A59DCC /* Build configuration list for PBXNativeTarget "OnePieceTCG" */ = {
			isa = XCConfigurationList;
			buildConfigurations = (
				B439366B2C0A125B00A59DCC /* Debug */,
				B439366C2C0A125B00A59DCC /* Release */,
			);
			defaultConfigurationIsVisible = 0;
			defaultConfigurationName = Release;
		};
/* End XCConfigurationList section */

/* Begin XCRemoteSwiftPackageReference section */
		B4EE873F2C67B28E00201C7A /* XCRemoteSwiftPackageReference "firebase-ios-sdk" */ = {
			isa = XCRemoteSwiftPackageReference;
			repositoryURL = "https://github.com/firebase/firebase-ios-sdk.git";
			requirement = {
				kind = upToNextMajorVersion;
				minimumVersion = 11.0.0;
			};
		};
/* End XCRemoteSwiftPackageReference section */

/* Begin XCSwiftPackageProductDependency section */
		B4EE87402C67B28E00201C7A /* FirebaseAnalyticsWithoutAdIdSupport */ = {
			isa = XCSwiftPackageProductDependency;
			package = B4EE873F2C67B28E00201C7A /* XCRemoteSwiftPackageReference "firebase-ios-sdk" */;
			productName = FirebaseAnalyticsWithoutAdIdSupport;
		};
		B4EE87422C67B28E00201C7A /* FirebaseAppCheck */ = {
			isa = XCSwiftPackageProductDependency;
			package = B4EE873F2C67B28E00201C7A /* XCRemoteSwiftPackageReference "firebase-ios-sdk" */;
			productName = FirebaseAppCheck;
		};
		B4EE87442C67B28E00201C7A /* FirebaseAppDistribution-Beta */ = {
			isa = XCSwiftPackageProductDependency;
			package = B4EE873F2C67B28E00201C7A /* XCRemoteSwiftPackageReference "firebase-ios-sdk" */;
			productName = "FirebaseAppDistribution-Beta";
		};
		B4EE87462C67B28E00201C7A /* FirebaseAuth */ = {
			isa = XCSwiftPackageProductDependency;
			package = B4EE873F2C67B28E00201C7A /* XCRemoteSwiftPackageReference "firebase-ios-sdk" */;
			productName = FirebaseAuth;
		};
		B4EE87482C67B28E00201C7A /* FirebaseAuthCombine-Community */ = {
			isa = XCSwiftPackageProductDependency;
			package = B4EE873F2C67B28E00201C7A /* XCRemoteSwiftPackageReference "firebase-ios-sdk" */;
			productName = "FirebaseAuthCombine-Community";
		};
		B4EE874A2C67B28E00201C7A /* FirebaseCrashlytics */ = {
			isa = XCSwiftPackageProductDependency;
			package = B4EE873F2C67B28E00201C7A /* XCRemoteSwiftPackageReference "firebase-ios-sdk" */;
			productName = FirebaseCrashlytics;
		};
		B4EE874C2C67B28E00201C7A /* FirebaseDatabase */ = {
			isa = XCSwiftPackageProductDependency;
			package = B4EE873F2C67B28E00201C7A /* XCRemoteSwiftPackageReference "firebase-ios-sdk" */;
			productName = FirebaseDatabase;
		};
		B4EE874E2C67B28E00201C7A /* FirebaseDynamicLinks */ = {
			isa = XCSwiftPackageProductDependency;
			package = B4EE873F2C67B28E00201C7A /* XCRemoteSwiftPackageReference "firebase-ios-sdk" */;
			productName = FirebaseDynamicLinks;
		};
		B4EE87502C67B28E00201C7A /* FirebaseFirestore */ = {
			isa = XCSwiftPackageProductDependency;
			package = B4EE873F2C67B28E00201C7A /* XCRemoteSwiftPackageReference "firebase-ios-sdk" */;
			productName = FirebaseFirestore;
		};
		B4EE87522C67B28E00201C7A /* FirebaseFirestoreCombine-Community */ = {
			isa = XCSwiftPackageProductDependency;
			package = B4EE873F2C67B28E00201C7A /* XCRemoteSwiftPackageReference "firebase-ios-sdk" */;
			productName = "FirebaseFirestoreCombine-Community";
		};
		B4EE87542C67B28E00201C7A /* FirebaseFunctions */ = {
			isa = XCSwiftPackageProductDependency;
			package = B4EE873F2C67B28E00201C7A /* XCRemoteSwiftPackageReference "firebase-ios-sdk" */;
			productName = FirebaseFunctions;
		};
		B4EE87562C67B28E00201C7A /* FirebaseFunctionsCombine-Community */ = {
			isa = XCSwiftPackageProductDependency;
			package = B4EE873F2C67B28E00201C7A /* XCRemoteSwiftPackageReference "firebase-ios-sdk" */;
			productName = "FirebaseFunctionsCombine-Community";
		};
		B4EE87582C67B28E00201C7A /* FirebaseInAppMessaging-Beta */ = {
			isa = XCSwiftPackageProductDependency;
			package = B4EE873F2C67B28E00201C7A /* XCRemoteSwiftPackageReference "firebase-ios-sdk" */;
			productName = "FirebaseInAppMessaging-Beta";
		};
		B4EE875A2C67B28E00201C7A /* FirebaseInstallations */ = {
			isa = XCSwiftPackageProductDependency;
			package = B4EE873F2C67B28E00201C7A /* XCRemoteSwiftPackageReference "firebase-ios-sdk" */;
			productName = FirebaseInstallations;
		};
		B4EE875C2C67B28E00201C7A /* FirebaseMLModelDownloader */ = {
			isa = XCSwiftPackageProductDependency;
			package = B4EE873F2C67B28E00201C7A /* XCRemoteSwiftPackageReference "firebase-ios-sdk" */;
			productName = FirebaseMLModelDownloader;
		};
		B4EE875E2C67B28E00201C7A /* FirebaseMessaging */ = {
			isa = XCSwiftPackageProductDependency;
			package = B4EE873F2C67B28E00201C7A /* XCRemoteSwiftPackageReference "firebase-ios-sdk" */;
			productName = FirebaseMessaging;
		};
		B4EE87602C67B28E00201C7A /* FirebasePerformance */ = {
			isa = XCSwiftPackageProductDependency;
			package = B4EE873F2C67B28E00201C7A /* XCRemoteSwiftPackageReference "firebase-ios-sdk" */;
			productName = FirebasePerformance;
		};
		B4EE87622C67B28E00201C7A /* FirebaseRemoteConfig */ = {
			isa = XCSwiftPackageProductDependency;
			package = B4EE873F2C67B28E00201C7A /* XCRemoteSwiftPackageReference "firebase-ios-sdk" */;
			productName = FirebaseRemoteConfig;
		};
		B4EE87642C67B28E00201C7A /* FirebaseStorage */ = {
			isa = XCSwiftPackageProductDependency;
			package = B4EE873F2C67B28E00201C7A /* XCRemoteSwiftPackageReference "firebase-ios-sdk" */;
			productName = FirebaseStorage;
		};
		B4EE87662C67B28E00201C7A /* FirebaseStorageCombine-Community */ = {
			isa = XCSwiftPackageProductDependency;
			package = B4EE873F2C67B28E00201C7A /* XCRemoteSwiftPackageReference "firebase-ios-sdk" */;
			productName = "FirebaseStorageCombine-Community";
		};
		B4EE87682C67B28E00201C7A /* FirebaseVertexAI-Preview */ = {
			isa = XCSwiftPackageProductDependency;
			package = B4EE873F2C67B28E00201C7A /* XCRemoteSwiftPackageReference "firebase-ios-sdk" */;
			productName = "FirebaseVertexAI-Preview";
		};
/* End XCSwiftPackageProductDependency section */
	};
	rootObject = B43936542C0A125900A59DCC /* Project object */;
}
